
Microsoft Visual Studio Solution File, Format Version 12.00
# Visual Studio Version 17
VisualStudioVersion = 17.3.32819.101
MinimumVisualStudioVersion = 10.0.40219.1
Project("{FAE04EC0-301F-11D3-BF4B-00C04F79EFBC}") = "WindowsFormsApp1", "WindowsFormsApp1\WindowsFormsApp1.csproj", "{C79A2D21-5822-40A1-ACFE-B35A464A38D9}"
EndProject
Global
	GlobalSection(SolutionConfigurationPlatforms) = preSolution
		Debug|Any CPU = Debug|Any CPU
		Release|Any CPU = Release|Any CPU
	EndGlobalSection
	GlobalSection(ProjectConfigurationPlatforms) = postSolution
		{C79A2D21-5822-40A1-ACFE-B35A464A38D9}.Debug|Any CPU.ActiveCfg = Debug|Any CPU
		{C79A2D21-5822-40A1-ACFE-B35A464A38D9}.Debug|Any CPU.Build.0 = Debug|Any CPU
		{C79A2D21-5822-40A1-ACFE-B35A464A38D9}.Release|Any CPU.ActiveCfg = Release|Any CPU
		{C79A2D21-5822-40A1-ACFE-B35A464A38D9}.Release|Any CPU.Build.0 = Release|Any CPU
	EndGlobalSection
	GlobalSection(SolutionProperties) = preSolution
		HideSolutionNode = FALSE
	EndGlobalSection
	GlobalSection(ExtensibilityGlobals) = postSolution
		SolutionGuid = {BC3F3930-8CF6-4AE2-B91C-35388164E37C}
	EndGlobalSection
EndGlobal
